// !$*UTF8*$!
{
	archiveVersion = 1;
	classes = {
	};
	objectVersion = 56;
	objects = {

/* Begin PBXBuildFile section */
		34084D3B29BFC29500E62E92 /* AppDelegate.swift in Sources */ = {isa = PBXBuildFile; fileRef = 34084D3A29BFC29500E62E92 /* AppDelegate.swift */; };
		34084D3D29BFC29500E62E92 /* SceneDelegate.swift in Sources */ = {isa = PBXBuildFile; fileRef = 34084D3C29BFC29500E62E92 /* SceneDelegate.swift */; };
		34084D3F29BFC29500E62E92 /* ViewController.swift in Sources */ = {isa = PBXBuildFile; fileRef = 34084D3E29BFC29500E62E92 /* ViewController.swift */; };
		34084D4229BFC29500E62E92 /* Main.storyboard in Resources */ = {isa = PBXBuildFile; fileRef = 34084D4029BFC29500E62E92 /* Main.storyboard */; };
		34084D4429BFC29700E62E92 /* Assets.xcassets in Resources */ = {isa = PBXBuildFile; fileRef = 34084D4329BFC29700E62E92 /* Assets.xcassets */; };
		34084D4729BFC29700E62E92 /* LaunchScreen.storyboard in Resources */ = {isa = PBXBuildFile; fileRef = 34084D4529BFC29700E62E92 /* LaunchScreen.storyboard */; };
		34084D5029BFC45E00E62E92 /* GoogleService-Info (1).plist in Resources */ = {isa = PBXBuildFile; fileRef = 34084D4F29BFC45E00E62E92 /* GoogleService-Info (1).plist */; };
		34084D5429BFC56800E62E92 /* FirebaseFirestore in Frameworks */ = {isa = PBXBuildFile; productRef = 34084D5329BFC56800E62E92 /* FirebaseFirestore */; };
		34084D5629BFC56800E62E92 /* FirebaseStorage in Frameworks */ = {isa = PBXBuildFile; productRef = 34084D5529BFC56800E62E92 /* FirebaseStorage */; };
/* End PBXBuildFile section */

/* Begin PBXFileReference section */
		34084D3729BFC29500E62E92 /* LaterGram.app */ = {isa = PBXFileReference; explicitFileType = wrapper.application; includeInIndex = 0; path = LaterGram.app; sourceTree = BUILT_PRODUCTS_DIR; };
		34084D3A29BFC29500E62E92 /* AppDelegate.swift */ = {isa = PBXFileReference; lastKnownFileType = sourcecode.swift; path = AppDelegate.swift; sourceTree = "<group>"; };
		34084D3C29BFC29500E62E92 /* SceneDelegate.swift */ = {isa = PBXFileReference; lastKnownFileType = sourcecode.swift; path = SceneDelegate.swift; sourceTree = "<group>"; };
		34084D3E29BFC29500E62E92 /* ViewController.swift */ = {isa = PBXFileReference; lastKnownFileType = sourcecode.swift; path = ViewController.swift; sourceTree = "<group>"; };
		34084D4129BFC29500E62E92 /* Base */ = {isa = PBXFileReference; lastKnownFileType = file.storyboard; name = Base; path = Base.lproj/Main.storyboard; sourceTree = "<group>"; };
		34084D4329BFC29700E62E92 /* Assets.xcassets */ = {isa = PBXFileReference; lastKnownFileType = folder.assetcatalog; path = Assets.xcassets; sourceTree = "<group>"; };
		34084D4629BFC29700E62E92 /* Base */ = {isa = PBXFileReference; lastKnownFileType = file.storyboard; name = Base; path = Base.lproj/LaunchScreen.storyboard; sourceTree = "<group>"; };
		34084D4829BFC29700E62E92 /* Info.plist */ = {isa = PBXFileReference; lastKnownFileType = text.plist.xml; path = Info.plist; sourceTree = "<group>"; };
		34084D4F29BFC45E00E62E92 /* GoogleService-Info (1).plist */ = {isa = PBXFileReference; fileEncoding = 4; lastKnownFileType = text.plist.xml; name = "GoogleService-Info (1).plist"; path = "../../../../../../../Downloads/GoogleService-Info (1).plist"; sourceTree = "<group>"; };
		34084D5129BFC49A00E62E92 /* GoogleService-Info (1).plist */ = {isa = PBXFileReference; lastKnownFileType = text.plist.xml; path = "GoogleService-Info (1).plist"; sourceTree = "<group>"; };
/* End PBXFileReference section */

/* Begin PBXFrameworksBuildPhase section */
		34084D3429BFC29500E62E92 /* Frameworks */ = {
			isa = PBXFrameworksBuildPhase;
			buildActionMask = 2147483647;
			files = (
				34084D5429BFC56800E62E92 /* FirebaseFirestore in Frameworks */,
				34084D5629BFC56800E62E92 /* FirebaseStorage in Frameworks */,
			);
			runOnlyForDeploymentPostprocessing = 0;
		};
/* End PBXFrameworksBuildPhase section */

/* Begin PBXGroup section */
		34084D2E29BFC29500E62E92 = {
			isa = PBXGroup;
			children = (
				34084D3929BFC29500E62E92 /* LaterGram */,
				34084D3829BFC29500E62E92 /* Products */,
			);
			sourceTree = "<group>";
		};
		34084D3829BFC29500E62E92 /* Products */ = {
			isa = PBXGroup;
			children = (
				34084D3729BFC29500E62E92 /* LaterGram.app */,
			);
			name = Products;
			sourceTree = "<group>";
		};
		34084D3929BFC29500E62E92 /* LaterGram */ = {
			isa = PBXGroup;
			children = (
				34084D4E29BFC2A700E62E92 /* SupportingFiles */,
				34084D3E29BFC29500E62E92 /* ViewController.swift */,
				34084D4029BFC29500E62E92 /* Main.storyboard */,
				34084D4F29BFC45E00E62E92 /* GoogleService-Info (1).plist */,
				34084D4529BFC29700E62E92 /* LaunchScreen.storyboard */,
			);
			path = LaterGram;
			sourceTree = "<group>";
		};
		34084D4E29BFC2A700E62E92 /* SupportingFiles */ = {
			isa = PBXGroup;
			children = (
				34084D3A29BFC29500E62E92 /* AppDelegate.swift */,
				34084D3C29BFC29500E62E92 /* SceneDelegate.swift */,
				34084D4329BFC29700E62E92 /* Assets.xcassets */,
				34084D4829BFC29700E62E92 /* Info.plist */,
				34084D5129BFC49A00E62E92 /* GoogleService-Info (1).plist */,
			);
			path = SupportingFiles;
			sourceTree = "<group>";
		};
/* End PBXGroup section */

/* Begin PBXNativeTarget section */
		34084D3629BFC29500E62E92 /* LaterGram */ = {
			isa = PBXNativeTarget;
			buildConfigurationList = 34084D4B29BFC29700E62E92 /* Build configuration list for PBXNativeTarget "LaterGram" */;
			buildPhases = (
				34084D3329BFC29500E62E92 /* Sources */,
				34084D3429BFC29500E62E92 /* Frameworks */,
				34084D3529BFC29500E62E92 /* Resources */,
			);
			buildRules = (
			);
			dependencies = (
			);
			name = LaterGram;
			packageProductDependencies = (
				34084D5329BFC56800E62E92 /* FirebaseFirestore */,
				34084D5529BFC56800E62E92 /* FirebaseStorage */,
			);
			productName = LaterGram;
			productReference = 34084D3729BFC29500E62E92 /* LaterGram.app */;
			productType = "com.apple.product-type.application";
		};
/* End PBXNativeTarget section */

/* Begin PBXProject section */
		34084D2F29BFC29500E62E92 /* Project object */ = {
			isa = PBXProject;
			attributes = {
				BuildIndependentTargetsInParallel = 1;
				LastSwiftUpdateCheck = 1420;
				LastUpgradeCheck = 1420;
				TargetAttributes = {
					34084D3629BFC29500E62E92 = {
						CreatedOnToolsVersion = 14.2;
					};
				};
			};
			buildConfigurationList = 34084D3229BFC29500E62E92 /* Build configuration list for PBXProject "LaterGram" */;
			compatibilityVersion = "Xcode 14.0";
			developmentRegion = en;
			hasScannedForEncodings = 0;
			knownRegions = (
				en,
				Base,
			);
			mainGroup = 34084D2E29BFC29500E62E92;
			packageReferences = (
				34084D5229BFC56800E62E92 /* XCRemoteSwiftPackageReference "firebase-ios-sdk" */,
			);
			productRefGroup = 34084D3829BFC29500E62E92 /* Products */;
			projectDirPath = "";
			projectRoot = "";
			targets = (
				34084D3629BFC29500E62E92 /* LaterGram */,
			);
		};
/* End PBXProject section */

/* Begin PBXResourcesBuildPhase section */
		34084D3529BFC29500E62E92 /* Resources */ = {
			isa = PBXResourcesBuildPhase;
			buildActionMask = 2147483647;
			files = (
				34084D4729BFC29700E62E92 /* LaunchScreen.storyboard in Resources */,
				34084D4429BFC29700E62E92 /* Assets.xcassets in Resources */,
				34084D4229BFC29500E62E92 /* Main.storyboard in Resources */,
				34084D5029BFC45E00E62E92 /* GoogleService-Info (1).plist in Resources */,
			);
			runOnlyForDeploymentPostprocessing = 0;
		};
/* End PBXResourcesBuildPhase section */

/* Begin PBXSourcesBuildPhase section */
		34084D3329BFC29500E62E92 /* Sources */ = {
			isa = PBXSourcesBuildPhase;
			buildActionMask = 2147483647;
			files = (
				34084D3F29BFC29500E62E92 /* ViewController.swift in Sources */,
				34084D3B29BFC29500E62E92 /* AppDelegate.swift in Sources */,
				34084D3D29BFC29500E62E92 /* SceneDelegate.swift in Sources */,
			);
			runOnlyForDeploymentPostprocessing = 0;
		};
/* End PBXSourcesBuildPhase section */

/* Begin PBXVariantGroup section */
		34084D4029BFC29500E62E92 /* Main.storyboard */ = {
			isa = PBXVariantGroup;
			children = (
				34084D4129BFC29500E62E92 /* Base */,
			);
			name = Main.storyboard;
			sourceTree = "<group>";
		};
		34084D4529BFC29700E62E92 /* LaunchScreen.storyboard */ = {
			isa = PBXVariantGroup;
			children = (
				34084D4629BFC29700E62E92 /* Base */,
			);
			name = LaunchScreen.storyboard;
			sourceTree = "<group>";
		};
/* End PBXVariantGroup section */

/* Begin XCBuildConfiguration section */
		34084D4929BFC29700E62E92 /* Debug */ = {
			isa = XCBuildConfiguration;
			buildSettings = {
				ALWAYS_SEARCH_USER_PATHS = NO;
				CLANG_ANALYZER_NONNULL = YES;
				CLANG_ANALYZER_NUMBER_OBJECT_CONVERSION = YES_AGGRESSIVE;
				CLANG_CXX_LANGUAGE_STANDARD = "gnu++20";
				CLANG_ENABLE_MODULES = YES;
				CLANG_ENABLE_OBJC_ARC = YES;
				CLANG_ENABLE_OBJC_WEAK = YES;
				CLANG_WARN_BLOCK_CAPTURE_AUTORELEASING = YES;
				CLANG_WARN_BOOL_CONVERSION = YES;
				CLANG_WARN_COMMA = YES;
				CLANG_WARN_CONSTANT_CONVERSION = YES;
				CLANG_WARN_DEPRECATED_OBJC_IMPLEMENTATIONS = YES;
				CLANG_WARN_DIRECT_OBJC_ISA_USAGE = YES_ERROR;
				CLANG_WARN_DOCUMENTATION_COMMENTS = YES;
				CLANG_WARN_EMPTY_BODY = YES;
				CLANG_WARN_ENUM_CONVERSION = YES;
				CLANG_WARN_INFINITE_RECURSION = YES;
				CLANG_WARN_INT_CONVERSION = YES;
				CLANG_WARN_NON_LITERAL_NULL_CONVERSION = YES;
				CLANG_WARN_OBJC_IMPLICIT_RETAIN_SELF = YES;
				CLANG_WARN_OBJC_LITERAL_CONVERSION = YES;
				CLANG_WARN_OBJC_ROOT_CLASS = YES_ERROR;
				CLANG_WARN_QUOTED_INCLUDE_IN_FRAMEWORK_HEADER = YES;
				CLANG_WARN_RANGE_LOOP_ANALYSIS = YES;
				CLANG_WARN_STRICT_PROTOTYPES = YES;
				CLANG_WARN_SUSPICIOUS_MOVE = YES;
				CLANG_WARN_UNGUARDED_AVAILABILITY = YES_AGGRESSIVE;
				CLANG_WARN_UNREACHABLE_CODE = YES;
				CLANG_WARN__DUPLICATE_METHOD_MATCH = YES;
				COPY_PHASE_STRIP = NO;
				DEBUG_INFORMATION_FORMAT = dwarf;
				ENABLE_STRICT_OBJC_MSGSEND = YES;
				ENABLE_TESTABILITY = YES;
				GCC_C_LANGUAGE_STANDARD = gnu11;
				GCC_DYNAMIC_NO_PIC = NO;
				GCC_NO_COMMON_BLOCKS = YES;
				GCC_OPTIMIZATION_LEVEL = 0;
				GCC_PREPROCESSOR_DEFINITIONS = (
					"DEBUG=1",
					"$(inherited)",
				);
				GCC_WARN_64_TO_32_BIT_CONVERSION = YES;
				GCC_WARN_ABOUT_RETURN_TYPE = YES_ERROR;
				GCC_WARN_UNDECLARED_SELECTOR = YES;
				GCC_WARN_UNINITIALIZED_AUTOS = YES_AGGRESSIVE;
				GCC_WARN_UNUSED_FUNCTION = YES;
				GCC_WARN_UNUSED_VARIABLE = YES;
				IPHONEOS_DEPLOYMENT_TARGET = 16.2;
				MTL_ENABLE_DEBUG_INFO = INCLUDE_SOURCE;
				MTL_FAST_MATH = YES;
				ONLY_ACTIVE_ARCH = YES;
				SDKROOT = iphoneos;
				SWIFT_ACTIVE_COMPILATION_CONDITIONS = DEBUG;
				SWIFT_OPTIMIZATION_LEVEL = "-Onone";
			};
			name = Debug;
		};
		34084D4A29BFC29700E62E92 /* Release */ = {
			isa = XCBuildConfiguration;
			buildSettings = {
				ALWAYS_SEARCH_USER_PATHS = NO;
				CLANG_ANALYZER_NONNULL = YES;
				CLANG_ANALYZER_NUMBER_OBJECT_CONVERSION = YES_AGGRESSIVE;
				CLANG_CXX_LANGUAGE_STANDARD = "gnu++20";
				CLANG_ENABLE_MODULES = YES;
				CLANG_ENABLE_OBJC_ARC = YES;
				CLANG_ENABLE_OBJC_WEAK = YES;
				CLANG_WARN_BLOCK_CAPTURE_AUTORELEASING = YES;
				CLANG_WARN_BOOL_CONVERSION = YES;
				CLANG_WARN_COMMA = YES;
				CLANG_WARN_CONSTANT_CONVERSION = YES;
				CLANG_WARN_DEPRECATED_OBJC_IMPLEMENTATIONS = YES;
				CLANG_WARN_DIRECT_OBJC_ISA_USAGE = YES_ERROR;
				CLANG_WARN_DOCUMENTATION_COMMENTS = YES;
				CLANG_WARN_EMPTY_BODY = YES;
				CLANG_WARN_ENUM_CONVERSION = YES;
				CLANG_WARN_INFINITE_RECURSION = YES;
				CLANG_WARN_INT_CONVERSION = YES;
				CLANG_WARN_NON_LITERAL_NULL_CONVERSION = YES;
				CLANG_WARN_OBJC_IMPLICIT_RETAIN_SELF = YES;
				CLANG_WARN_OBJC_LITERAL_CONVERSION = YES;
				CLANG_WARN_OBJC_ROOT_CLASS = YES_ERROR;
				CLANG_WARN_QUOTED_INCLUDE_IN_FRAMEWORK_HEADER = YES;
				CLANG_WARN_RANGE_LOOP_ANALYSIS = YES;
				CLANG_WARN_STRICT_PROTOTYPES = YES;
				CLANG_WARN_SUSPICIOUS_MOVE = YES;
				CLANG_WARN_UNGUARDED_AVAILABILITY = YES_AGGRESSIVE;
				CLANG_WARN_UNREACHABLE_CODE = YES;
				CLANG_WARN__DUPLICATE_METHOD_MATCH = YES;
				COPY_PHASE_STRIP = NO;
				DEBUG_INFORMATION_FORMAT = "dwarf-with-dsym";
				ENABLE_NS_ASSERTIONS = NO;
				ENABLE_STRICT_OBJC_MSGSEND = YES;
				GCC_C_LANGUAGE_STANDARD = gnu11;
				GCC_NO_COMMON_BLOCKS = YES;
				GCC_WARN_64_TO_32_BIT_CONVERSION = YES;
				GCC_WARN_ABOUT_RETURN_TYPE = YES_ERROR;
				GCC_WARN_UNDECLARED_SELECTOR = YES;
				GCC_WARN_UNINITIALIZED_AUTOS = YES_AGGRESSIVE;
				GCC_WARN_UNUSED_FUNCTION = YES;
				GCC_WARN_UNUSED_VARIABLE = YES;
				IPHONEOS_DEPLOYMENT_TARGET = 16.2;
				MTL_ENABLE_DEBUG_INFO = NO;
				MTL_FAST_MATH = YES;
				SDKROOT = iphoneos;
				SWIFT_COMPILATION_MODE = wholemodule;
				SWIFT_OPTIMIZATION_LEVEL = "-O";
				VALIDATE_PRODUCT = YES;
			};
			name = Release;
		};
		34084D4C29BFC29700E62E92 /* Debug */ = {
			isa = XCBuildConfiguration;
			buildSettings = {
				ASSETCATALOG_COMPILER_APPICON_NAME = AppIcon;
				ASSETCATALOG_COMPILER_GLOBAL_ACCENT_COLOR_NAME = AccentColor;
				CODE_SIGN_STYLE = Automatic;
				CURRENT_PROJECT_VERSION = 1;
				GENERATE_INFOPLIST_FILE = YES;
				INFOPLIST_FILE = LaterGram/SupportingFiles/Info.plist;
				INFOPLIST_KEY_UIApplicationSupportsIndirectInputEvents = YES;
				INFOPLIST_KEY_UILaunchStoryboardName = LaunchScreen;
				INFOPLIST_KEY_UIMainStoryboardFile = Main;
				INFOPLIST_KEY_UISupportedInterfaceOrientations_iPad = "UIInterfaceOrientationPortrait UIInterfaceOrientationPortraitUpsideDown UIInterfaceOrientationLandscapeLeft UIInterfaceOrientationLandscapeRight";
				INFOPLIST_KEY_UISupportedInterfaceOrientations_iPhone = "UIInterfaceOrientationPortrait UIInterfaceOrientationLandscapeLeft UIInterfaceOrientationLandscapeRight";
				LD_RUNPATH_SEARCH_PATHS = (
					"$(inherited)",
					"@executable_path/Frameworks",
				);
				MARKETING_VERSION = 1.0;
				PRODUCT_BUNDLE_IDENTIFIER = MetaChillDevelopers.LaterGram;
				PRODUCT_NAME = "$(TARGET_NAME)";
				SWIFT_EMIT_LOC_STRINGS = YES;
				SWIFT_VERSION = 5.0;
				TARGETED_DEVICE_FAMILY = "1,2";
			};
			name = Debug;
		};
		34084D4D29BFC29700E62E92 /* Release */ = {
			isa = XCBuildConfiguration;
			buildSettings = {
				ASSETCATALOG_COMPILER_APPICON_NAME = AppIcon;
				ASSETCATALOG_COMPILER_GLOBAL_ACCENT_COLOR_NAME = AccentColor;
				CODE_SIGN_STYLE = Automatic;
				CURRENT_PROJECT_VERSION = 1;
				GENERATE_INFOPLIST_FILE = YES;
				INFOPLIST_FILE = LaterGram/SupportingFiles/Info.plist;
				INFOPLIST_KEY_UIApplicationSupportsIndirectInputEvents = YES;
				INFOPLIST_KEY_UILaunchStoryboardName = LaunchScreen;
				INFOPLIST_KEY_UIMainStoryboardFile = Main;
				INFOPLIST_KEY_UISupportedInterfaceOrientations_iPad = "UIInterfaceOrientationPortrait UIInterfaceOrientationPortraitUpsideDown UIInterfaceOrientationLandscapeLeft UIInterfaceOrientationLandscapeRight";
				INFOPLIST_KEY_UISupportedInterfaceOrientations_iPhone = "UIInterfaceOrientationPortrait UIInterfaceOrientationLandscapeLeft UIInterfaceOrientationLandscapeRight";
				LD_RUNPATH_SEARCH_PATHS = (
					"$(inherited)",
					"@executable_path/Frameworks",
				);
				MARKETING_VERSION = 1.0;
				PRODUCT_BUNDLE_IDENTIFIER = MetaChillDevelopers.LaterGram;
				PRODUCT_NAME = "$(TARGET_NAME)";
				SWIFT_EMIT_LOC_STRINGS = YES;
				SWIFT_VERSION = 5.0;
				TARGETED_DEVICE_FAMILY = "1,2";
			};
			name = Release;
		};
/* End XCBuildConfiguration section */

/* Begin XCConfigurationList section */
		34084D3229BFC29500E62E92 /* Build configuration list for PBXProject "LaterGram" */ = {
			isa = XCConfigurationList;
			buildConfigurations = (
				34084D4929BFC29700E62E92 /* Debug */,
				34084D4A29BFC29700E62E92 /* Release */,
			);
			defaultConfigurationIsVisible = 0;
			defaultConfigurationName = Release;
		};
		34084D4B29BFC29700E62E92 /* Build configuration list for PBXNativeTarget "LaterGram" */ = {
			isa = XCConfigurationList;
			buildConfigurations = (
				34084D4C29BFC29700E62E92 /* Debug */,
				34084D4D29BFC29700E62E92 /* Release */,
			);
			defaultConfigurationIsVisible = 0;
			defaultConfigurationName = Release;
		};
/* End XCConfigurationList section */

/* Begin XCRemoteSwiftPackageReference section */
		34084D5229BFC56800E62E92 /* XCRemoteSwiftPackageReference "firebase-ios-sdk" */ = {
			isa = XCRemoteSwiftPackageReference;
			repositoryURL = "https://github.com/firebase/firebase-ios-sdk";
			requirement = {
				branch = master;
				kind = branch;
			};
		};
/* End XCRemoteSwiftPackageReference section */

/* Begin XCSwiftPackageProductDependency section */
		34084D5329BFC56800E62E92 /* FirebaseFirestore */ = {
			isa = XCSwiftPackageProductDependency;
			package = 34084D5229BFC56800E62E92 /* XCRemoteSwiftPackageReference "firebase-ios-sdk" */;
			productName = FirebaseFirestore;
		};
		34084D5529BFC56800E62E92 /* FirebaseStorage */ = {
			isa = XCSwiftPackageProductDependency;
			package = 34084D5229BFC56800E62E92 /* XCRemoteSwiftPackageReference "firebase-ios-sdk" */;
			productName = FirebaseStorage;
		};
/* End XCSwiftPackageProductDependency section */
	};
	rootObject = 34084D2F29BFC29500E62E92 /* Project object */;
}
